
Microsoft Visual Studio Solution File, Format Version 12.00
# Visual Studio 15
Project("{FAE04EC0-301F-11D3-BF4B-00C04F79EFBC}") = "Assembly-CSharp", "Assembly-CSharp.csproj", "{C6CEB24F-786E-737F-BF25-FC26AFC6FA2F}"
EndProject
Project("{FAE04EC0-301F-11D3-BF4B-00C04F79EFBC}") = "VuforiaScripts", "VuforiaScripts.csproj", "{66D78FF4-3045-D23B-7043-6C230A761014}"
EndProject
Project("{FAE04EC0-301F-11D3-BF4B-00C04F79EFBC}") = "Assembly-CSharp-firstpass", "Assembly-CSharp-firstpass.csproj", "{BE98CBCF-7DC8-BC44-6D49-D1D4BD9140AB}"
EndProject
Project("{FAE04EC0-301F-11D3-BF4B-00C04F79EFBC}") = "Assembly-CSharp-Editor-firstpass", "Assembly-CSharp-Editor-firstpass.csproj", "{91A40273-2F63-37CE-47F6-D4EC431D8A53}"
EndProject
Project("{FAE04EC0-301F-11D3-BF4B-00C04F79EFBC}") = "VuforiaEditorScripts", "VuforiaEditorScripts.csproj", "{D4508569-F9C0-1D48-142C-73930A3C5A1F}"
EndProject
Global
	GlobalSection(SolutionConfigurationPlatforms) = preSolution
		Debug|Any CPU = Debug|Any CPU
		Release|Any CPU = Release|Any CPU
	EndGlobalSection
	GlobalSection(ProjectConfigurationPlatforms) = postSolution
		{C6CEB24F-786E-737F-BF25-FC26AFC6FA2F}.Debug|Any CPU.ActiveCfg = Debug|Any CPU
		{C6CEB24F-786E-737F-BF25-FC26AFC6FA2F}.Debug|Any CPU.Build.0 = Debug|Any CPU
		{C6CEB24F-786E-737F-BF25-FC26AFC6FA2F}.Release|Any CPU.ActiveCfg = Release|Any CPU
		{C6CEB24F-786E-737F-BF25-FC26AFC6FA2F}.Release|Any CPU.Build.0 = Release|Any CPU
		{66D78FF4-3045-D23B-7043-6C230A761014}.Debug|Any CPU.ActiveCfg = Debug|Any CPU
		{66D78FF4-3045-D23B-7043-6C230A761014}.Debug|Any CPU.Build.0 = Debug|Any CPU
		{66D78FF4-3045-D23B-7043-6C230A761014}.Release|Any CPU.ActiveCfg = Release|Any CPU
		{66D78FF4-3045-D23B-7043-6C230A761014}.Release|Any CPU.Build.0 = Release|Any CPU
		{BE98CBCF-7DC8-BC44-6D49-D1D4BD9140AB}.Debug|Any CPU.ActiveCfg = Debug|Any CPU
		{BE98CBCF-7DC8-BC44-6D49-D1D4BD9140AB}.Debug|Any CPU.Build.0 = Debug|Any CPU
		{BE98CBCF-7DC8-BC44-6D49-D1D4BD9140AB}.Release|Any CPU.ActiveCfg = Release|Any CPU
		{BE98CBCF-7DC8-BC44-6D49-D1D4BD9140AB}.Release|Any CPU.Build.0 = Release|Any CPU
		{91A40273-2F63-37CE-47F6-D4EC431D8A53}.Debug|Any CPU.ActiveCfg = Debug|Any CPU
		{91A40273-2F63-37CE-47F6-D4EC431D8A53}.Debug|Any CPU.Build.0 = Debug|Any CPU
		{91A40273-2F63-37CE-47F6-D4EC431D8A53}.Release|Any CPU.ActiveCfg = Release|Any CPU
		{91A40273-2F63-37CE-47F6-D4EC431D8A53}.Release|Any CPU.Build.0 = Release|Any CPU
		{D4508569-F9C0-1D48-142C-73930A3C5A1F}.Debug|Any CPU.ActiveCfg = Debug|Any CPU
		{D4508569-F9C0-1D48-142C-73930A3C5A1F}.Debug|Any CPU.Build.0 = Debug|Any CPU
		{D4508569-F9C0-1D48-142C-73930A3C5A1F}.Release|Any CPU.ActiveCfg = Release|Any CPU
		{D4508569-F9C0-1D48-142C-73930A3C5A1F}.Release|Any CPU.Build.0 = Release|Any CPU
	EndGlobalSection
	GlobalSection(SolutionProperties) = preSolution
		HideSolutionNode = FALSE
	EndGlobalSection
EndGlobal
